
Microsoft Visual Studio Solution File, Format Version 12.00
# Visual Studio Version 16
VisualStudioVersion = 16.0.28803.202
MinimumVisualStudioVersion = 10.0.40219.1
Project("{FAE04EC0-301F-11D3-BF4B-00C04F79EFBC}") = "InfraTools", "InfraTools\InfraTools.csproj", "{A59CFAFB-E99B-4683-9DB0-1CAC876686FF}"
EndProject
Global
	GlobalSection(SolutionConfigurationPlatforms) = preSolution
		Debug|Any CPU = Debug|Any CPU
		Release|Any CPU = Release|Any CPU
	EndGlobalSection
	GlobalSection(ProjectConfigurationPlatforms) = postSolution
		{A59CFAFB-E99B-4683-9DB0-1CAC876686FF}.Debug|Any CPU.ActiveCfg = Debug|Any CPU
		{A59CFAFB-E99B-4683-9DB0-1CAC876686FF}.Debug|Any CPU.Build.0 = Debug|Any CPU
		{A59CFAFB-E99B-4683-9DB0-1CAC876686FF}.Release|Any CPU.ActiveCfg = Release|Any CPU
		{A59CFAFB-E99B-4683-9DB0-1CAC876686FF}.Release|Any CPU.Build.0 = Release|Any CPU
	EndGlobalSection
	GlobalSection(SolutionProperties) = preSolution
		HideSolutionNode = FALSE
	EndGlobalSection
	GlobalSection(ExtensibilityGlobals) = postSolution
		SolutionGuid = {6D5A68AF-A6BF-4D49-8386-D8F18E54471F}
	EndGlobalSection
EndGlobal
